
Microsoft Visual Studio Solution File, Format Version 12.00
# Visual Studio Version 16
VisualStudioVersion = 16.0.29424.173
MinimumVisualStudioVersion = 10.0.40219.1
Project("{9A19103F-16F7-4668-BE54-9A1E7A4F7556}") = "GoogleReCaptcha.V3", "GoogleReCaptcha.V3\GoogleReCaptcha.V3.csproj", "{CC19E797-2140-4846-B383-2BC1BCAC18F0}"
EndProject
Project("{FAE04EC0-301F-11D3-BF4B-00C04F79EFBC}") = "SampleWeb", "SampleWeb\SampleWeb.csproj", "{E00EDE07-4ACC-4EDB-AD67-335B75C93503}"
EndProject
Global
	GlobalSection(SolutionConfigurationPlatforms) = preSolution
		Debug|Any CPU = Debug|Any CPU
		Release|Any CPU = Release|Any CPU
	EndGlobalSection
	GlobalSection(ProjectConfigurationPlatforms) = postSolution
		{CC19E797-2140-4846-B383-2BC1BCAC18F0}.Debug|Any CPU.ActiveCfg = Debug|Any CPU
		{CC19E797-2140-4846-B383-2BC1BCAC18F0}.Debug|Any CPU.Build.0 = Debug|Any CPU
		{CC19E797-2140-4846-B383-2BC1BCAC18F0}.Release|Any CPU.ActiveCfg = Release|Any CPU
		{CC19E797-2140-4846-B383-2BC1BCAC18F0}.Release|Any CPU.Build.0 = Release|Any CPU
		{E00EDE07-4ACC-4EDB-AD67-335B75C93503}.Debug|Any CPU.ActiveCfg = Debug|Any CPU
		{E00EDE07-4ACC-4EDB-AD67-335B75C93503}.Debug|Any CPU.Build.0 = Debug|Any CPU
		{E00EDE07-4ACC-4EDB-AD67-335B75C93503}.Release|Any CPU.ActiveCfg = Release|Any CPU
		{E00EDE07-4ACC-4EDB-AD67-335B75C93503}.Release|Any CPU.Build.0 = Release|Any CPU
	EndGlobalSection
	GlobalSection(SolutionProperties) = preSolution
		HideSolutionNode = FALSE
	EndGlobalSection
	GlobalSection(ExtensibilityGlobals) = postSolution
		SolutionGuid = {133AEFA6-0E45-4413-9D4E-B8E1854BD270}
	EndGlobalSection
EndGlobal
